{
  "name": "website",
  "version": "1.0.0",
  "lockfileVersion": 1,
  "requires": true,
  "dependencies": {
    "bibtex-parse": {
      "version": "0.2.7",
      "resolved": "https://registry.npmjs.org/bibtex-parse/-/bibtex-parse-0.2.7.tgz",
      "integrity": "sha512-ZyRc3BShrIHlOB+A1enGm/EluONQbJC7+jjzqO6SYp3zuR9d5+Argif7rJIDoqK7n4yaTcYuj4PAH3QEEV5uSA==",
      "dev": true
    }
  }
}
